{
    "_readme": [
        "This file locks the dependencies of your project to a known state",
        "Read more about it at https://getcomposer.org/doc/01-basic-usage.md#installing-dependencies",
        "This file is @generated automatically"
    ],
    "content-hash": "5f1e396c102a3f4378451089e6a810cb",
    "packages": [
        {
            "name": "bigit/vokativ",
            "version": "dev-master",
            "source": {
                "type": "git",
                "url": "https://gitlab.com/bigit/vokativ.git",
                "reference": "acba8b099ac3f40ea380b9921d6c11f2843df6a8"
            },
            "dist": {
                "type": "zip",
                "url": "https://gitlab.com/api/v4/projects/bigit%2Fvokativ/repository/archive.zip?sha=acba8b099ac3f40ea380b9921d6c11f2843df6a8",
                "reference": "acba8b099ac3f40ea380b9921d6c11f2843df6a8",
                "shasum": ""
            },
            "require": {
                "php": "^5.5 || ^7.0"
            },
            "require-dev": {
                "phpunit/phpunit": "^4.8"
            },
            "default-branch": true,
            "type": "library",
            "autoload": {
                "psr-4": {
                    "Vokativ\\": "src/"
                }
            },
            "notification-url": "https://packagist.org/downloads/",
            "license": [
                "MIT"
            ],
            "authors": [
                {
                    "name": "Petr Joachim",
                    "email": "petr@joachim.cz"
                }
            ],
            "description": "Knihovna pro skloňování českých jmen do 5. pádu pro účely generování oslovení.",
            "support": {
                "issues": "https://gitlab.com/bigit/vokativ/-/issues",
                "source": "https://gitlab.com/bigit/vokativ/-/tree/master"
            },
            "time": "2016-07-11T12:04:26+00:00"
        },
        {
            "name": "sergeytsalkov/meekrodb",
            "version": "v2.3.1",
            "source": {
                "type": "git",
                "url": "https://github.com/SergeyTsalkov/meekrodb.git",
                "reference": "e8c19ca2f8ed6a0fd0012c6c97e78aac80fded30"
            },
            "dist": {
                "type": "zip",
                "url": "https://api.github.com/repos/SergeyTsalkov/meekrodb/zipball/e8c19ca2f8ed6a0fd0012c6c97e78aac80fded30",
                "reference": "e8c19ca2f8ed6a0fd0012c6c97e78aac80fded30",
                "shasum": ""
            },
            "require": {
                "php": ">=5.2.0"
            },
            "type": "library",
            "autoload": {
                "classmap": [
                    "db.class.php"
                ]
            },
            "notification-url": "https://packagist.org/downloads/",
            "license": [
                "LGPL-3.0"
            ],
            "authors": [
                {
                    "name": "Sergey Tsalkov",
                    "email": "stsalkov@gmail.com"
                }
            ],
            "description": "The Simple PHP/MySQL Library",
            "homepage": "http://www.meekro.com",
            "keywords": [
                "database",
                "mysql",
                "mysqli",
                "pdo"
            ],
            "support": {
                "email": "support@meekro.com",
                "issues": "https://github.com/SergeyTsalkov/meekrodb/issues",
                "source": "https://github.com/SergeyTsalkov/meekrodb/tree/v2.3.1"
            },
            "time": "2020-07-10T01:13:31+00:00"
        }
    ],
    "packages-dev": [],
    "aliases": [],
    "minimum-stability": "dev",
    "stability-flags": {
        "bigit/vokativ": 20
    },
    "prefer-stable": false,
    "prefer-lowest": false,
    "platform": {
        "ext-json": "*",
        "ext-mbstring": "*"
    },
    "platform-dev": [],
    "platform-overrides": {
        "php": "7.4"
    },
    "plugin-api-version": "2.3.0"
}
